
Microsoft Visual Studio Solution File, Format Version 12.00
# Visual Studio 15
VisualStudioVersion = 15.0.28010.2048
MinimumVisualStudioVersion = 10.0.40219.1
Project("{FAE04EC0-301F-11D3-BF4B-00C04F79EFBC}") = "PracticaJson4", "PracticaJson4\PracticaJson4.csproj", "{B744A864-30E6-424D-9597-CE2304BF73CE}"
EndProject
Global
	GlobalSection(SolutionConfigurationPlatforms) = preSolution
		Debug|Any CPU = Debug|Any CPU
		Release|Any CPU = Release|Any CPU
	EndGlobalSection
	GlobalSection(ProjectConfigurationPlatforms) = postSolution
		{B744A864-30E6-424D-9597-CE2304BF73CE}.Debug|Any CPU.ActiveCfg = Debug|Any CPU
		{B744A864-30E6-424D-9597-CE2304BF73CE}.Debug|Any CPU.Build.0 = Debug|Any CPU
		{B744A864-30E6-424D-9597-CE2304BF73CE}.Release|Any CPU.ActiveCfg = Release|Any CPU
		{B744A864-30E6-424D-9597-CE2304BF73CE}.Release|Any CPU.Build.0 = Release|Any CPU
	EndGlobalSection
	GlobalSection(SolutionProperties) = preSolution
		HideSolutionNode = FALSE
	EndGlobalSection
	GlobalSection(ExtensibilityGlobals) = postSolution
		SolutionGuid = {0211663E-7CE8-4B5B-87FF-75C3C3AA16EF}
	EndGlobalSection
EndGlobal
